
Microsoft Visual Studio Solution File, Format Version 12.00
# Visual Studio Version 17
VisualStudioVersion = 17.6.33723.286
MinimumVisualStudioVersion = 10.0.40219.1
Project("{FAE04EC0-301F-11D3-BF4B-00C04F79EFBC}") = "RockPaperScissors", "RockPaperScissors\RockPaperScissors.csproj", "{E905CE20-EFE7-449D-9BE1-2B1B282977C2}"
EndProject
Global
	GlobalSection(SolutionConfigurationPlatforms) = preSolution
		Debug|Any CPU = Debug|Any CPU
		Release|Any CPU = Release|Any CPU
	EndGlobalSection
	GlobalSection(ProjectConfigurationPlatforms) = postSolution
		{E905CE20-EFE7-449D-9BE1-2B1B282977C2}.Debug|Any CPU.ActiveCfg = Debug|Any CPU
		{E905CE20-EFE7-449D-9BE1-2B1B282977C2}.Debug|Any CPU.Build.0 = Debug|Any CPU
		{E905CE20-EFE7-449D-9BE1-2B1B282977C2}.Release|Any CPU.ActiveCfg = Release|Any CPU
		{E905CE20-EFE7-449D-9BE1-2B1B282977C2}.Release|Any CPU.Build.0 = Release|Any CPU
	EndGlobalSection
	GlobalSection(SolutionProperties) = preSolution
		HideSolutionNode = FALSE
	EndGlobalSection
	GlobalSection(ExtensibilityGlobals) = postSolution
		SolutionGuid = {7298D33F-B1B3-4A35-B9C5-3F6A76FA7827}
	EndGlobalSection
EndGlobal
